// !$*UTF8*$!
{
	archiveVersion = 1;
	classes = {
	};
	objectVersion = 46;
	objects = {

/* Begin PBXBuildFile section */
		FC017EDA147D646B001B731A /* UIKit.framework in Frameworks */ = {isa = PBXBuildFile; fileRef = FC017ED9147D646B001B731A /* UIKit.framework */; };
		FC017EDC147D646B001B731A /* Foundation.framework in Frameworks */ = {isa = PBXBuildFile; fileRef = FC017EDB147D646B001B731A /* Foundation.framework */; };
		FC017EDE147D646B001B731A /* CoreGraphics.framework in Frameworks */ = {isa = PBXBuildFile; fileRef = FC017EDD147D646B001B731A /* CoreGraphics.framework */; };
		FCD754851496ABC5007FE662 /* AppDelegate.m in Sources */ = {isa = PBXBuildFile; fileRef = FCD7546C1496ABC5007FE662 /* AppDelegate.m */; };
		FCD754861496ABC5007FE662 /* ArrayDataModel.m in Sources */ = {isa = PBXBuildFile; fileRef = FCD7546E1496ABC5007FE662 /* ArrayDataModel.m */; };
		FCD754871496ABC5007FE662 /* contact-pill.png in Resources */ = {isa = PBXBuildFile; fileRef = FCD7546F1496ABC5007FE662 /* contact-pill.png */; };
		FCD7548A1496ABC5007FE662 /* main.m in Sources */ = {isa = PBXBuildFile; fileRef = FCD754751496ABC5007FE662 /* main.m */; };
		FCD7548B1496ABC5007FE662 /* Recipient.m in Sources */ = {isa = PBXBuildFile; fileRef = FCD754771496ABC5007FE662 /* Recipient.m */; };
		FCD7548D1496ABC5007FE662 /* RecipientController.m in Sources */ = {isa = PBXBuildFile; fileRef = FCD7547B1496ABC5007FE662 /* RecipientController.m */; };
		FCD7548E1496ABC5007FE662 /* RecipientController.xib in Resources */ = {isa = PBXBuildFile; fileRef = FCD7547C1496ABC5007FE662 /* RecipientController.xib */; };
		FCD7548F1496ABC5007FE662 /* RecipientViewCell.m in Sources */ = {isa = PBXBuildFile; fileRef = FCD7547E1496ABC5007FE662 /* RecipientViewCell.m */; };
		FCD754901496ABC5007FE662 /* ShadowedTableView.m in Sources */ = {isa = PBXBuildFile; fileRef = FCD754801496ABC5007FE662 /* ShadowedTableView.m */; };
		FCD754921496ABC5007FE662 /* ViewController.m in Sources */ = {isa = PBXBuildFile; fileRef = FCD754841496ABC5007FE662 /* ViewController.m */; };
		FCD754951496AC42007FE662 /* InfoPlist.strings in Resources */ = {isa = PBXBuildFile; fileRef = FCD754931496AC42007FE662 /* InfoPlist.strings */; };
		FCD754981496AC72007FE662 /* ViewController.xib in Resources */ = {isa = PBXBuildFile; fileRef = FCD754961496AC72007FE662 /* ViewController.xib */; };
		FCF2E5B8147F385100A5EAA1 /* QuartzCore.framework in Frameworks */ = {isa = PBXBuildFile; fileRef = FCF2E5B5147F383F00A5EAA1 /* QuartzCore.framework */; };
/* End PBXBuildFile section */

/* Begin PBXFileReference section */
		FC017ED5147D646B001B731A /* UIToField.app */ = {isa = PBXFileReference; explicitFileType = wrapper.application; includeInIndex = 0; path = UIToField.app; sourceTree = BUILT_PRODUCTS_DIR; };
		FC017ED9147D646B001B731A /* UIKit.framework */ = {isa = PBXFileReference; lastKnownFileType = wrapper.framework; name = UIKit.framework; path = System/Library/Frameworks/UIKit.framework; sourceTree = SDKROOT; };
		FC017EDB147D646B001B731A /* Foundation.framework */ = {isa = PBXFileReference; lastKnownFileType = wrapper.framework; name = Foundation.framework; path = System/Library/Frameworks/Foundation.framework; sourceTree = SDKROOT; };
		FC017EDD147D646B001B731A /* CoreGraphics.framework */ = {isa = PBXFileReference; lastKnownFileType = wrapper.framework; name = CoreGraphics.framework; path = System/Library/Frameworks/CoreGraphics.framework; sourceTree = SDKROOT; };
		FCD7546B1496ABC5007FE662 /* AppDelegate.h */ = {isa = PBXFileReference; fileEncoding = 4; lastKnownFileType = sourcecode.c.h; name = AppDelegate.h; path = UIToField/AppDelegate.h; sourceTree = SOURCE_ROOT; };
		FCD7546C1496ABC5007FE662 /* AppDelegate.m */ = {isa = PBXFileReference; fileEncoding = 4; lastKnownFileType = sourcecode.c.objc; name = AppDelegate.m; path = UIToField/AppDelegate.m; sourceTree = SOURCE_ROOT; };
		FCD7546D1496ABC5007FE662 /* ArrayDataModel.h */ = {isa = PBXFileReference; fileEncoding = 4; lastKnownFileType = sourcecode.c.h; name = ArrayDataModel.h; path = UIToField/ArrayDataModel.h; sourceTree = SOURCE_ROOT; };
		FCD7546E1496ABC5007FE662 /* ArrayDataModel.m */ = {isa = PBXFileReference; fileEncoding = 4; lastKnownFileType = sourcecode.c.objc; name = ArrayDataModel.m; path = UIToField/ArrayDataModel.m; sourceTree = SOURCE_ROOT; };
		FCD7546F1496ABC5007FE662 /* contact-pill.png */ = {isa = PBXFileReference; lastKnownFileType = image.png; name = "contact-pill.png"; path = "UIToField/contact-pill.png"; sourceTree = SOURCE_ROOT; };
		FCD754751496ABC5007FE662 /* main.m */ = {isa = PBXFileReference; fileEncoding = 4; lastKnownFileType = sourcecode.c.objc; name = main.m; path = UIToField/main.m; sourceTree = SOURCE_ROOT; };
		FCD754761496ABC5007FE662 /* Recipient.h */ = {isa = PBXFileReference; fileEncoding = 4; lastKnownFileType = sourcecode.c.h; name = Recipient.h; path = UIToField/Recipient.h; sourceTree = SOURCE_ROOT; };
		FCD754771496ABC5007FE662 /* Recipient.m */ = {isa = PBXFileReference; fileEncoding = 4; lastKnownFileType = sourcecode.c.objc; name = Recipient.m; path = UIToField/Recipient.m; sourceTree = SOURCE_ROOT; };
		FCD7547A1496ABC5007FE662 /* RecipientController.h */ = {isa = PBXFileReference; fileEncoding = 4; lastKnownFileType = sourcecode.c.h; name = RecipientController.h; path = UIToField/RecipientController.h; sourceTree = SOURCE_ROOT; };
		FCD7547B1496ABC5007FE662 /* RecipientController.m */ = {isa = PBXFileReference; fileEncoding = 4; lastKnownFileType = sourcecode.c.objc; name = RecipientController.m; path = UIToField/RecipientController.m; sourceTree = SOURCE_ROOT; };
		FCD7547C1496ABC5007FE662 /* RecipientController.xib */ = {isa = PBXFileReference; fileEncoding = 4; lastKnownFileType = file.xib; name = RecipientController.xib; path = UIToField/RecipientController.xib; sourceTree = SOURCE_ROOT; };
		FCD7547D1496ABC5007FE662 /* RecipientViewCell.h */ = {isa = PBXFileReference; fileEncoding = 4; lastKnownFileType = sourcecode.c.h; name = RecipientViewCell.h; path = UIToField/RecipientViewCell.h; sourceTree = SOURCE_ROOT; };
		FCD7547E1496ABC5007FE662 /* RecipientViewCell.m */ = {isa = PBXFileReference; fileEncoding = 4; lastKnownFileType = sourcecode.c.objc; name = RecipientViewCell.m; path = UIToField/RecipientViewCell.m; sourceTree = SOURCE_ROOT; };
		FCD7547F1496ABC5007FE662 /* ShadowedTableView.h */ = {isa = PBXFileReference; fileEncoding = 4; lastKnownFileType = sourcecode.c.h; name = ShadowedTableView.h; path = UIToField/ShadowedTableView.h; sourceTree = SOURCE_ROOT; };
		FCD754801496ABC5007FE662 /* ShadowedTableView.m */ = {isa = PBXFileReference; fileEncoding = 4; lastKnownFileType = sourcecode.c.objc; name = ShadowedTableView.m; path = UIToField/ShadowedTableView.m; sourceTree = SOURCE_ROOT; };
		FCD754811496ABC5007FE662 /* UIToField-Info.plist */ = {isa = PBXFileReference; fileEncoding = 4; lastKnownFileType = text.plist.xml; name = "UIToField-Info.plist"; path = "UIToField/UIToField-Info.plist"; sourceTree = SOURCE_ROOT; };
		FCD754821496ABC5007FE662 /* UIToField-Prefix.pch */ = {isa = PBXFileReference; fileEncoding = 4; lastKnownFileType = sourcecode.c.h; name = "UIToField-Prefix.pch"; path = "UIToField/UIToField-Prefix.pch"; sourceTree = SOURCE_ROOT; };
		FCD754831496ABC5007FE662 /* ViewController.h */ = {isa = PBXFileReference; fileEncoding = 4; lastKnownFileType = sourcecode.c.h; name = ViewController.h; path = UIToField/ViewController.h; sourceTree = SOURCE_ROOT; };
		FCD754841496ABC5007FE662 /* ViewController.m */ = {isa = PBXFileReference; fileEncoding = 4; lastKnownFileType = sourcecode.c.objc; name = ViewController.m; path = UIToField/ViewController.m; sourceTree = SOURCE_ROOT; };
		FCD754941496AC42007FE662 /* en */ = {isa = PBXFileReference; lastKnownFileType = text.plist.strings; name = en; path = UIToField/en.lproj/InfoPlist.strings; sourceTree = SOURCE_ROOT; };
		FCD754971496AC72007FE662 /* en */ = {isa = PBXFileReference; lastKnownFileType = file.xib; name = en; path = UIToField/en.lproj/ViewController.xib; sourceTree = SOURCE_ROOT; };
		FCF2E5B5147F383F00A5EAA1 /* QuartzCore.framework */ = {isa = PBXFileReference; lastKnownFileType = wrapper.framework; name = QuartzCore.framework; path = System/Library/Frameworks/QuartzCore.framework; sourceTree = SDKROOT; };
/* End PBXFileReference section */

/* Begin PBXFrameworksBuildPhase section */
		FC017ED2147D646B001B731A /* Frameworks */ = {
			isa = PBXFrameworksBuildPhase;
			buildActionMask = 2147483647;
			files = (
				FCF2E5B8147F385100A5EAA1 /* QuartzCore.framework in Frameworks */,
				FC017EDA147D646B001B731A /* UIKit.framework in Frameworks */,
				FC017EDC147D646B001B731A /* Foundation.framework in Frameworks */,
				FC017EDE147D646B001B731A /* CoreGraphics.framework in Frameworks */,
			);
			runOnlyForDeploymentPostprocessing = 0;
		};
/* End PBXFrameworksBuildPhase section */

/* Begin PBXGroup section */
		FC017ECA147D646B001B731A = {
			isa = PBXGroup;
			children = (
				FC017EDF147D646B001B731A /* UIToField */,
				FC017ED8147D646B001B731A /* Frameworks */,
				FC017ED6147D646B001B731A /* Products */,
			);
			sourceTree = "<group>";
		};
		FC017ED6147D646B001B731A /* Products */ = {
			isa = PBXGroup;
			children = (
				FC017ED5147D646B001B731A /* UIToField.app */,
			);
			name = Products;
			sourceTree = "<group>";
		};
		FC017ED8147D646B001B731A /* Frameworks */ = {
			isa = PBXGroup;
			children = (
				FCF2E5B5147F383F00A5EAA1 /* QuartzCore.framework */,
				FC017ED9147D646B001B731A /* UIKit.framework */,
				FC017EDB147D646B001B731A /* Foundation.framework */,
				FC017EDD147D646B001B731A /* CoreGraphics.framework */,
			);
			name = Frameworks;
			sourceTree = "<group>";
		};
		FC017EDF147D646B001B731A /* UIToField */ = {
			isa = PBXGroup;
			children = (
				FCE7CF991496DA6A0082EB2F /* UIToFieldSupport */,
				FCD7546B1496ABC5007FE662 /* AppDelegate.h */,
				FCD7546C1496ABC5007FE662 /* AppDelegate.m */,
				FCD7546D1496ABC5007FE662 /* ArrayDataModel.h */,
				FCD7546E1496ABC5007FE662 /* ArrayDataModel.m */,
				FCD754831496ABC5007FE662 /* ViewController.h */,
				FCD754841496ABC5007FE662 /* ViewController.m */,
				FCD754961496AC72007FE662 /* ViewController.xib */,
				FC017EE0147D646B001B731A /* Supporting Files */,
			);
			name = UIToField;
			path = SuperTextField;
			sourceTree = "<group>";
		};
		FC017EE0147D646B001B731A /* Supporting Files */ = {
			isa = PBXGroup;
			children = (
				FCD754931496AC42007FE662 /* InfoPlist.strings */,
				FCD7546F1496ABC5007FE662 /* contact-pill.png */,
				FCD754751496ABC5007FE662 /* main.m */,
				FCD754811496ABC5007FE662 /* UIToField-Info.plist */,
				FCD754821496ABC5007FE662 /* UIToField-Prefix.pch */,
			);
			name = "Supporting Files";
			sourceTree = "<group>";
		};
		FCE7CF991496DA6A0082EB2F /* UIToFieldSupport */ = {
			isa = PBXGroup;
			children = (
				FCD754761496ABC5007FE662 /* Recipient.h */,
				FCD754771496ABC5007FE662 /* Recipient.m */,
				FCD7547A1496ABC5007FE662 /* RecipientController.h */,
				FCD7547B1496ABC5007FE662 /* RecipientController.m */,
				FCD7547D1496ABC5007FE662 /* RecipientViewCell.h */,
				FCD7547E1496ABC5007FE662 /* RecipientViewCell.m */,
				FCD7547F1496ABC5007FE662 /* ShadowedTableView.h */,
				FCD754801496ABC5007FE662 /* ShadowedTableView.m */,
				FCD7547C1496ABC5007FE662 /* RecipientController.xib */,
			);
			name = UIToFieldSupport;
			sourceTree = "<group>";
		};
/* End PBXGroup section */

/* Begin PBXNativeTarget section */
		FC017ED4147D646B001B731A /* UIToField */ = {
			isa = PBXNativeTarget;
			buildConfigurationList = FC017EF3147D646B001B731A /* Build configuration list for PBXNativeTarget "UIToField" */;
			buildPhases = (
				FC017ED1147D646B001B731A /* Sources */,
				FC017ED2147D646B001B731A /* Frameworks */,
				FC017ED3147D646B001B731A /* Resources */,
			);
			buildRules = (
			);
			dependencies = (
			);
			name = UIToField;
			productName = SuperTextField;
			productReference = FC017ED5147D646B001B731A /* UIToField.app */;
			productType = "com.apple.product-type.application";
		};
/* End PBXNativeTarget section */

/* Begin PBXProject section */
		FC017ECC147D646B001B731A /* Project object */ = {
			isa = PBXProject;
			attributes = {
				LastUpgradeCheck = 0420;
			};
			buildConfigurationList = FC017ECF147D646B001B731A /* Build configuration list for PBXProject "UIToField" */;
			compatibilityVersion = "Xcode 3.2";
			developmentRegion = English;
			hasScannedForEncodings = 0;
			knownRegions = (
				en,
			);
			mainGroup = FC017ECA147D646B001B731A;
			productRefGroup = FC017ED6147D646B001B731A /* Products */;
			projectDirPath = "";
			projectRoot = "";
			targets = (
				FC017ED4147D646B001B731A /* UIToField */,
			);
		};
/* End PBXProject section */

/* Begin PBXResourcesBuildPhase section */
		FC017ED3147D646B001B731A /* Resources */ = {
			isa = PBXResourcesBuildPhase;
			buildActionMask = 2147483647;
			files = (
				FCD754871496ABC5007FE662 /* contact-pill.png in Resources */,
				FCD7548E1496ABC5007FE662 /* RecipientController.xib in Resources */,
				FCD754951496AC42007FE662 /* InfoPlist.strings in Resources */,
				FCD754981496AC72007FE662 /* ViewController.xib in Resources */,
			);
			runOnlyForDeploymentPostprocessing = 0;
		};
/* End PBXResourcesBuildPhase section */

/* Begin PBXSourcesBuildPhase section */
		FC017ED1147D646B001B731A /* Sources */ = {
			isa = PBXSourcesBuildPhase;
			buildActionMask = 2147483647;
			files = (
				FCD754851496ABC5007FE662 /* AppDelegate.m in Sources */,
				FCD754861496ABC5007FE662 /* ArrayDataModel.m in Sources */,
				FCD7548A1496ABC5007FE662 /* main.m in Sources */,
				FCD7548B1496ABC5007FE662 /* Recipient.m in Sources */,
				FCD7548D1496ABC5007FE662 /* RecipientController.m in Sources */,
				FCD7548F1496ABC5007FE662 /* RecipientViewCell.m in Sources */,
				FCD754901496ABC5007FE662 /* ShadowedTableView.m in Sources */,
				FCD754921496ABC5007FE662 /* ViewController.m in Sources */,
			);
			runOnlyForDeploymentPostprocessing = 0;
		};
/* End PBXSourcesBuildPhase section */

/* Begin PBXVariantGroup section */
		FCD754931496AC42007FE662 /* InfoPlist.strings */ = {
			isa = PBXVariantGroup;
			children = (
				FCD754941496AC42007FE662 /* en */,
			);
			name = InfoPlist.strings;
			sourceTree = "<group>";
		};
		FCD754961496AC72007FE662 /* ViewController.xib */ = {
			isa = PBXVariantGroup;
			children = (
				FCD754971496AC72007FE662 /* en */,
			);
			name = ViewController.xib;
			sourceTree = "<group>";
		};
/* End PBXVariantGroup section */

/* Begin XCBuildConfiguration section */
		FC017EF1147D646B001B731A /* Debug */ = {
			isa = XCBuildConfiguration;
			buildSettings = {
				ALWAYS_SEARCH_USER_PATHS = NO;
				ARCHS = "$(ARCHS_STANDARD_32_BIT)";
				CLANG_ENABLE_OBJC_ARC = YES;
				"CODE_SIGN_IDENTITY[sdk=iphoneos*]" = "iPhone Developer";
				COPY_PHASE_STRIP = NO;
				GCC_C_LANGUAGE_STANDARD = gnu99;
				GCC_DYNAMIC_NO_PIC = NO;
				GCC_OPTIMIZATION_LEVEL = 0;
				GCC_PREFIX_HEADER = "";
				GCC_PREPROCESSOR_DEFINITIONS = (
					"DEBUG=1",
					"$(inherited)",
				);
				GCC_SYMBOLS_PRIVATE_EXTERN = NO;
				GCC_VERSION = com.apple.compilers.llvm.clang.1_0;
				GCC_WARN_ABOUT_MISSING_PROTOTYPES = YES;
				GCC_WARN_ABOUT_RETURN_TYPE = YES;
				GCC_WARN_UNUSED_VARIABLE = YES;
				INFOPLIST_FILE = "";
				IPHONEOS_DEPLOYMENT_TARGET = 4.0;
				SDKROOT = iphoneos;
			};
			name = Debug;
		};
		FC017EF2147D646B001B731A /* Release */ = {
			isa = XCBuildConfiguration;
			buildSettings = {
				ALWAYS_SEARCH_USER_PATHS = NO;
				ARCHS = "$(ARCHS_STANDARD_32_BIT)";
				CLANG_ENABLE_OBJC_ARC = YES;
				"CODE_SIGN_IDENTITY[sdk=iphoneos*]" = "iPhone Developer";
				COPY_PHASE_STRIP = YES;
				GCC_C_LANGUAGE_STANDARD = gnu99;
				GCC_PREFIX_HEADER = "";
				GCC_VERSION = com.apple.compilers.llvm.clang.1_0;
				GCC_WARN_ABOUT_MISSING_PROTOTYPES = YES;
				GCC_WARN_ABOUT_RETURN_TYPE = YES;
				GCC_WARN_UNUSED_VARIABLE = YES;
				INFOPLIST_FILE = "";
				IPHONEOS_DEPLOYMENT_TARGET = 4.0;
				OTHER_CFLAGS = "-DNS_BLOCK_ASSERTIONS=1";
				SDKROOT = iphoneos;
				VALIDATE_PRODUCT = YES;
			};
			name = Release;
		};
		FC017EF4147D646B001B731A /* Debug */ = {
			isa = XCBuildConfiguration;
			buildSettings = {
				CLANG_ENABLE_OBJC_ARC = NO;
				GCC_PRECOMPILE_PREFIX_HEADER = YES;
				GCC_PREFIX_HEADER = "UIToField/UIToField-Prefix.pch";
				INFOPLIST_FILE = "UIToField/UIToField-Info.plist";
				IPHONEOS_DEPLOYMENT_TARGET = 4.0;
				PRODUCT_NAME = UIToField;
				WRAPPER_EXTENSION = app;
			};
			name = Debug;
		};
		FC017EF5147D646B001B731A /* Release */ = {
			isa = XCBuildConfiguration;
			buildSettings = {
				CLANG_ENABLE_OBJC_ARC = NO;
				GCC_PRECOMPILE_PREFIX_HEADER = YES;
				GCC_PREFIX_HEADER = "UIToField/UIToField-Prefix.pch";
				INFOPLIST_FILE = "UIToField/UIToField-Info.plist";
				IPHONEOS_DEPLOYMENT_TARGET = 4.0;
				PRODUCT_NAME = UIToField;
				WRAPPER_EXTENSION = app;
			};
			name = Release;
		};
/* End XCBuildConfiguration section */

/* Begin XCConfigurationList section */
		FC017ECF147D646B001B731A /* Build configuration list for PBXProject "UIToField" */ = {
			isa = XCConfigurationList;
			buildConfigurations = (
				FC017EF1147D646B001B731A /* Debug */,
				FC017EF2147D646B001B731A /* Release */,
			);
			defaultConfigurationIsVisible = 0;
			defaultConfigurationName = Release;
		};
		FC017EF3147D646B001B731A /* Build configuration list for PBXNativeTarget "UIToField" */ = {
			isa = XCConfigurationList;
			buildConfigurations = (
				FC017EF4147D646B001B731A /* Debug */,
				FC017EF5147D646B001B731A /* Release */,
			);
			defaultConfigurationIsVisible = 0;
			defaultConfigurationName = Release;
		};
/* End XCConfigurationList section */
	};
	rootObject = FC017ECC147D646B001B731A /* Project object */;
}
